
Microsoft Visual Studio Solution File, Format Version 12.00
# Visual Studio Version 17
VisualStudioVersion = 17.5.002.0
MinimumVisualStudioVersion = 10.0.40219.1
Project("{9A19103F-16F7-4668-BE54-9A1E7A4F7556}") = "LinqWithObjects", "LinqWithObjects\LinqWithObjects.csproj", "{8387B9DB-7261-4A93-AD51-8B3697C4CB22}"
EndProject
Project("{FAE04EC0-301F-11D3-BF4B-00C04F79EFBC}") = "LinqWithSets", "LinqWithSets\LinqWithSets.csproj", "{BD9DB3C5-EAE9-4066-837A-A460ECA7AE49}"
EndProject
Project("{FAE04EC0-301F-11D3-BF4B-00C04F79EFBC}") = "LinqWithEFCore", "LinqWithEFCore\LinqWithEFCore.csproj", "{FD31A4FD-0E33-4D21-9AD4-5234970A4F7B}"
EndProject
Project("{FAE04EC0-301F-11D3-BF4B-00C04F79EFBC}") = "LinqInParallel", "LinqInParallel\LinqInParallel.csproj", "{77726E26-12B8-4F55-A80D-4B8E031E6CA9}"
EndProject
Project("{FAE04EC0-301F-11D3-BF4B-00C04F79EFBC}") = "Excersize02", "Excersize02\Excersize02.csproj", "{99EAEAE1-E8EB-4B33-AA32-D982B4B3B359}"
EndProject
Global
	GlobalSection(SolutionConfigurationPlatforms) = preSolution
		Debug|Any CPU = Debug|Any CPU
		Release|Any CPU = Release|Any CPU
	EndGlobalSection
	GlobalSection(ProjectConfigurationPlatforms) = postSolution
		{8387B9DB-7261-4A93-AD51-8B3697C4CB22}.Debug|Any CPU.ActiveCfg = Debug|Any CPU
		{8387B9DB-7261-4A93-AD51-8B3697C4CB22}.Debug|Any CPU.Build.0 = Debug|Any CPU
		{8387B9DB-7261-4A93-AD51-8B3697C4CB22}.Release|Any CPU.ActiveCfg = Release|Any CPU
		{8387B9DB-7261-4A93-AD51-8B3697C4CB22}.Release|Any CPU.Build.0 = Release|Any CPU
		{BD9DB3C5-EAE9-4066-837A-A460ECA7AE49}.Debug|Any CPU.ActiveCfg = Debug|Any CPU
		{BD9DB3C5-EAE9-4066-837A-A460ECA7AE49}.Debug|Any CPU.Build.0 = Debug|Any CPU
		{BD9DB3C5-EAE9-4066-837A-A460ECA7AE49}.Release|Any CPU.ActiveCfg = Release|Any CPU
		{BD9DB3C5-EAE9-4066-837A-A460ECA7AE49}.Release|Any CPU.Build.0 = Release|Any CPU
		{FD31A4FD-0E33-4D21-9AD4-5234970A4F7B}.Debug|Any CPU.ActiveCfg = Debug|Any CPU
		{FD31A4FD-0E33-4D21-9AD4-5234970A4F7B}.Debug|Any CPU.Build.0 = Debug|Any CPU
		{FD31A4FD-0E33-4D21-9AD4-5234970A4F7B}.Release|Any CPU.ActiveCfg = Release|Any CPU
		{FD31A4FD-0E33-4D21-9AD4-5234970A4F7B}.Release|Any CPU.Build.0 = Release|Any CPU
		{77726E26-12B8-4F55-A80D-4B8E031E6CA9}.Debug|Any CPU.ActiveCfg = Debug|Any CPU
		{77726E26-12B8-4F55-A80D-4B8E031E6CA9}.Debug|Any CPU.Build.0 = Debug|Any CPU
		{77726E26-12B8-4F55-A80D-4B8E031E6CA9}.Release|Any CPU.ActiveCfg = Release|Any CPU
		{77726E26-12B8-4F55-A80D-4B8E031E6CA9}.Release|Any CPU.Build.0 = Release|Any CPU
		{99EAEAE1-E8EB-4B33-AA32-D982B4B3B359}.Debug|Any CPU.ActiveCfg = Debug|Any CPU
		{99EAEAE1-E8EB-4B33-AA32-D982B4B3B359}.Debug|Any CPU.Build.0 = Debug|Any CPU
		{99EAEAE1-E8EB-4B33-AA32-D982B4B3B359}.Release|Any CPU.ActiveCfg = Release|Any CPU
		{99EAEAE1-E8EB-4B33-AA32-D982B4B3B359}.Release|Any CPU.Build.0 = Release|Any CPU
	EndGlobalSection
	GlobalSection(SolutionProperties) = preSolution
		HideSolutionNode = FALSE
	EndGlobalSection
	GlobalSection(ExtensibilityGlobals) = postSolution
		SolutionGuid = {D765E2D7-1402-43EF-AB5A-FDA18B69D1E1}
	EndGlobalSection
EndGlobal
