
Microsoft Visual Studio Solution File, Format Version 12.00
# Visual Studio Version 17
VisualStudioVersion = 17.7.34031.279
MinimumVisualStudioVersion = 10.0.40219.1
Project("{9A19103F-16F7-4668-BE54-9A1E7A4F7556}") = "WorkingWithNumbers", "WorkingWithNumbers\WorkingWithNumbers.csproj", "{ECD38C88-66E4-4E16-9555-9809C9FA193A}"
EndProject
Project("{9A19103F-16F7-4668-BE54-9A1E7A4F7556}") = "WorkingWithText", "WorkingWithText\WorkingWithText.csproj", "{BF6FB720-8BD0-45B0-AFF3-D259281FB2AF}"
EndProject
Project("{9A19103F-16F7-4668-BE54-9A1E7A4F7556}") = "WorkingWithTime", "WorkingWithTime\WorkingWithTime.csproj", "{33205171-CA10-43BE-80DE-FE286E98C531}"
EndProject
Project("{9A19103F-16F7-4668-BE54-9A1E7A4F7556}") = "WorkingWithRegex", "WorkingWithRegex\WorkingWithRegex.csproj", "{1F289CE7-F417-49B6-9CC8-2E6D1410F78F}"
EndProject
Project("{9A19103F-16F7-4668-BE54-9A1E7A4F7556}") = "WorkingWithCollections", "WorkingWithCollections\WorkingWithCollections.csproj", "{77BC5F57-4393-4459-B678-DAD6401502FC}"
EndProject
Project("{9A19103F-16F7-4668-BE54-9A1E7A4F7556}") = "WorkingWithRanges", "WorkingWithRanges\WorkingWithRanges.csproj", "{8EAE5043-5752-4351-9C99-6B5BC252972F}"
EndProject
Project("{9A19103F-16F7-4668-BE54-9A1E7A4F7556}") = "WorkingWithNetworkResources", "WorkingWithNetworkResources\WorkingWithNetworkResources.csproj", "{0C2B01D0-CAD8-46B6-8B8C-B87527DFE540}"
EndProject
Project("{9A19103F-16F7-4668-BE54-9A1E7A4F7556}") = "WorkingWithReflection", "WorkingWithReflection\WorkingWithReflection.csproj", "{4D2861F3-5BDE-45D8-9E26-40C444229D31}"
EndProject
Project("{9A19103F-16F7-4668-BE54-9A1E7A4F7556}") = "WorkingWithImages", "WorkingWithImages\WorkingWithImages.csproj", "{7C1E0BC6-9528-4ECA-8E4D-71B3745A8200}"
EndProject
Project("{9A19103F-16F7-4668-BE54-9A1E7A4F7556}") = "Internationalization", "Internationalization\Internationalization.csproj", "{7BB9D2B1-4126-4F78-9B40-AB4B4F1A8F42}"
EndProject
Project("{FAE04EC0-301F-11D3-BF4B-00C04F79EFBC}") = "Excersize03", "Excersize03\Excersize03.csproj", "{EBC22A4D-4685-4EEA-A282-6124B988F77A}"
EndProject
Global
	GlobalSection(SolutionConfigurationPlatforms) = preSolution
		Debug|Any CPU = Debug|Any CPU
		Release|Any CPU = Release|Any CPU
	EndGlobalSection
	GlobalSection(ProjectConfigurationPlatforms) = postSolution
		{ECD38C88-66E4-4E16-9555-9809C9FA193A}.Debug|Any CPU.ActiveCfg = Debug|Any CPU
		{ECD38C88-66E4-4E16-9555-9809C9FA193A}.Debug|Any CPU.Build.0 = Debug|Any CPU
		{ECD38C88-66E4-4E16-9555-9809C9FA193A}.Release|Any CPU.ActiveCfg = Release|Any CPU
		{ECD38C88-66E4-4E16-9555-9809C9FA193A}.Release|Any CPU.Build.0 = Release|Any CPU
		{BF6FB720-8BD0-45B0-AFF3-D259281FB2AF}.Debug|Any CPU.ActiveCfg = Debug|Any CPU
		{BF6FB720-8BD0-45B0-AFF3-D259281FB2AF}.Debug|Any CPU.Build.0 = Debug|Any CPU
		{BF6FB720-8BD0-45B0-AFF3-D259281FB2AF}.Release|Any CPU.ActiveCfg = Release|Any CPU
		{BF6FB720-8BD0-45B0-AFF3-D259281FB2AF}.Release|Any CPU.Build.0 = Release|Any CPU
		{33205171-CA10-43BE-80DE-FE286E98C531}.Debug|Any CPU.ActiveCfg = Debug|Any CPU
		{33205171-CA10-43BE-80DE-FE286E98C531}.Debug|Any CPU.Build.0 = Debug|Any CPU
		{33205171-CA10-43BE-80DE-FE286E98C531}.Release|Any CPU.ActiveCfg = Release|Any CPU
		{33205171-CA10-43BE-80DE-FE286E98C531}.Release|Any CPU.Build.0 = Release|Any CPU
		{1F289CE7-F417-49B6-9CC8-2E6D1410F78F}.Debug|Any CPU.ActiveCfg = Debug|Any CPU
		{1F289CE7-F417-49B6-9CC8-2E6D1410F78F}.Debug|Any CPU.Build.0 = Debug|Any CPU
		{1F289CE7-F417-49B6-9CC8-2E6D1410F78F}.Release|Any CPU.ActiveCfg = Release|Any CPU
		{1F289CE7-F417-49B6-9CC8-2E6D1410F78F}.Release|Any CPU.Build.0 = Release|Any CPU
		{77BC5F57-4393-4459-B678-DAD6401502FC}.Debug|Any CPU.ActiveCfg = Debug|Any CPU
		{77BC5F57-4393-4459-B678-DAD6401502FC}.Debug|Any CPU.Build.0 = Debug|Any CPU
		{77BC5F57-4393-4459-B678-DAD6401502FC}.Release|Any CPU.ActiveCfg = Release|Any CPU
		{77BC5F57-4393-4459-B678-DAD6401502FC}.Release|Any CPU.Build.0 = Release|Any CPU
		{8EAE5043-5752-4351-9C99-6B5BC252972F}.Debug|Any CPU.ActiveCfg = Debug|Any CPU
		{8EAE5043-5752-4351-9C99-6B5BC252972F}.Debug|Any CPU.Build.0 = Debug|Any CPU
		{8EAE5043-5752-4351-9C99-6B5BC252972F}.Release|Any CPU.ActiveCfg = Release|Any CPU
		{8EAE5043-5752-4351-9C99-6B5BC252972F}.Release|Any CPU.Build.0 = Release|Any CPU
		{0C2B01D0-CAD8-46B6-8B8C-B87527DFE540}.Debug|Any CPU.ActiveCfg = Debug|Any CPU
		{0C2B01D0-CAD8-46B6-8B8C-B87527DFE540}.Debug|Any CPU.Build.0 = Debug|Any CPU
		{0C2B01D0-CAD8-46B6-8B8C-B87527DFE540}.Release|Any CPU.ActiveCfg = Release|Any CPU
		{0C2B01D0-CAD8-46B6-8B8C-B87527DFE540}.Release|Any CPU.Build.0 = Release|Any CPU
		{4D2861F3-5BDE-45D8-9E26-40C444229D31}.Debug|Any CPU.ActiveCfg = Debug|Any CPU
		{4D2861F3-5BDE-45D8-9E26-40C444229D31}.Debug|Any CPU.Build.0 = Debug|Any CPU
		{4D2861F3-5BDE-45D8-9E26-40C444229D31}.Release|Any CPU.ActiveCfg = Release|Any CPU
		{4D2861F3-5BDE-45D8-9E26-40C444229D31}.Release|Any CPU.Build.0 = Release|Any CPU
		{7C1E0BC6-9528-4ECA-8E4D-71B3745A8200}.Debug|Any CPU.ActiveCfg = Debug|Any CPU
		{7C1E0BC6-9528-4ECA-8E4D-71B3745A8200}.Debug|Any CPU.Build.0 = Debug|Any CPU
		{7C1E0BC6-9528-4ECA-8E4D-71B3745A8200}.Release|Any CPU.ActiveCfg = Release|Any CPU
		{7C1E0BC6-9528-4ECA-8E4D-71B3745A8200}.Release|Any CPU.Build.0 = Release|Any CPU
		{7BB9D2B1-4126-4F78-9B40-AB4B4F1A8F42}.Debug|Any CPU.ActiveCfg = Debug|Any CPU
		{7BB9D2B1-4126-4F78-9B40-AB4B4F1A8F42}.Debug|Any CPU.Build.0 = Debug|Any CPU
		{7BB9D2B1-4126-4F78-9B40-AB4B4F1A8F42}.Release|Any CPU.ActiveCfg = Release|Any CPU
		{7BB9D2B1-4126-4F78-9B40-AB4B4F1A8F42}.Release|Any CPU.Build.0 = Release|Any CPU
		{EBC22A4D-4685-4EEA-A282-6124B988F77A}.Debug|Any CPU.ActiveCfg = Debug|Any CPU
		{EBC22A4D-4685-4EEA-A282-6124B988F77A}.Debug|Any CPU.Build.0 = Debug|Any CPU
		{EBC22A4D-4685-4EEA-A282-6124B988F77A}.Release|Any CPU.ActiveCfg = Release|Any CPU
		{EBC22A4D-4685-4EEA-A282-6124B988F77A}.Release|Any CPU.Build.0 = Release|Any CPU
	EndGlobalSection
	GlobalSection(SolutionProperties) = preSolution
		HideSolutionNode = FALSE
	EndGlobalSection
	GlobalSection(ExtensibilityGlobals) = postSolution
		SolutionGuid = {9E89791E-EA4B-4827-8A4A-377713832229}
	EndGlobalSection
EndGlobal
