
Microsoft Visual Studio Solution File, Format Version 12.00
# Visual Studio Version 17
VisualStudioVersion = 17.7.34031.279
MinimumVisualStudioVersion = 10.0.40219.1
Project("{9A19103F-16F7-4668-BE54-9A1E7A4F7556}") = "WritingFunctions", "WritingFunctions\WritingFunctions.csproj", "{D316AF39-9529-4188-9F97-330991F29BAE}"
EndProject
Project("{FAE04EC0-301F-11D3-BF4B-00C04F79EFBC}") = "Debugging", "Debugging\Debugging.csproj", "{50F2BDD5-A7C7-4F0F-9663-8CB2F10B047A}"
EndProject
Project("{FAE04EC0-301F-11D3-BF4B-00C04F79EFBC}") = "Instrumenting", "Instrumenting\Instrumenting.csproj", "{8B946B7A-46CF-4460-BFB4-3EA2F5FC4710}"
EndProject
Project("{FAE04EC0-301F-11D3-BF4B-00C04F79EFBC}") = "CalculatorLib", "CalculatorLib\CalculatorLib.csproj", "{0A5DBF98-9943-437C-807E-F2147C441004}"
EndProject
Project("{FAE04EC0-301F-11D3-BF4B-00C04F79EFBC}") = "CalculatorLibUnitTests", "CalculatorLibUnitTests\CalculatorLibUnitTests.csproj", "{9B9E8B82-6F74-4B4E-AAF7-DC74C257204B}"
EndProject
Project("{FAE04EC0-301F-11D3-BF4B-00C04F79EFBC}") = "CallStackExceptionHandlingLib", "CallStackExceptionHandlingLib\CallStackExceptionHandlingLib.csproj", "{3473083B-C9FE-4C4C-92FB-67F6C6104BF5}"
EndProject
Project("{FAE04EC0-301F-11D3-BF4B-00C04F79EFBC}") = "CallStackExceptionHandling", "CallStackExceptionHandling\CallStackExceptionHandling.csproj", "{3136DAAD-6C81-4060-B91F-2EE84BE23C69}"
EndProject
Global
	GlobalSection(SolutionConfigurationPlatforms) = preSolution
		Debug|Any CPU = Debug|Any CPU
		Release|Any CPU = Release|Any CPU
	EndGlobalSection
	GlobalSection(ProjectConfigurationPlatforms) = postSolution
		{D316AF39-9529-4188-9F97-330991F29BAE}.Debug|Any CPU.ActiveCfg = Debug|Any CPU
		{D316AF39-9529-4188-9F97-330991F29BAE}.Debug|Any CPU.Build.0 = Debug|Any CPU
		{D316AF39-9529-4188-9F97-330991F29BAE}.Release|Any CPU.ActiveCfg = Release|Any CPU
		{D316AF39-9529-4188-9F97-330991F29BAE}.Release|Any CPU.Build.0 = Release|Any CPU
		{50F2BDD5-A7C7-4F0F-9663-8CB2F10B047A}.Debug|Any CPU.ActiveCfg = Debug|Any CPU
		{50F2BDD5-A7C7-4F0F-9663-8CB2F10B047A}.Debug|Any CPU.Build.0 = Debug|Any CPU
		{50F2BDD5-A7C7-4F0F-9663-8CB2F10B047A}.Release|Any CPU.ActiveCfg = Release|Any CPU
		{50F2BDD5-A7C7-4F0F-9663-8CB2F10B047A}.Release|Any CPU.Build.0 = Release|Any CPU
		{8B946B7A-46CF-4460-BFB4-3EA2F5FC4710}.Debug|Any CPU.ActiveCfg = Debug|Any CPU
		{8B946B7A-46CF-4460-BFB4-3EA2F5FC4710}.Debug|Any CPU.Build.0 = Debug|Any CPU
		{8B946B7A-46CF-4460-BFB4-3EA2F5FC4710}.Release|Any CPU.ActiveCfg = Release|Any CPU
		{8B946B7A-46CF-4460-BFB4-3EA2F5FC4710}.Release|Any CPU.Build.0 = Release|Any CPU
		{0A5DBF98-9943-437C-807E-F2147C441004}.Debug|Any CPU.ActiveCfg = Debug|Any CPU
		{0A5DBF98-9943-437C-807E-F2147C441004}.Debug|Any CPU.Build.0 = Debug|Any CPU
		{0A5DBF98-9943-437C-807E-F2147C441004}.Release|Any CPU.ActiveCfg = Release|Any CPU
		{0A5DBF98-9943-437C-807E-F2147C441004}.Release|Any CPU.Build.0 = Release|Any CPU
		{9B9E8B82-6F74-4B4E-AAF7-DC74C257204B}.Debug|Any CPU.ActiveCfg = Debug|Any CPU
		{9B9E8B82-6F74-4B4E-AAF7-DC74C257204B}.Debug|Any CPU.Build.0 = Debug|Any CPU
		{9B9E8B82-6F74-4B4E-AAF7-DC74C257204B}.Release|Any CPU.ActiveCfg = Release|Any CPU
		{9B9E8B82-6F74-4B4E-AAF7-DC74C257204B}.Release|Any CPU.Build.0 = Release|Any CPU
		{3473083B-C9FE-4C4C-92FB-67F6C6104BF5}.Debug|Any CPU.ActiveCfg = Debug|Any CPU
		{3473083B-C9FE-4C4C-92FB-67F6C6104BF5}.Debug|Any CPU.Build.0 = Debug|Any CPU
		{3473083B-C9FE-4C4C-92FB-67F6C6104BF5}.Release|Any CPU.ActiveCfg = Release|Any CPU
		{3473083B-C9FE-4C4C-92FB-67F6C6104BF5}.Release|Any CPU.Build.0 = Release|Any CPU
		{3136DAAD-6C81-4060-B91F-2EE84BE23C69}.Debug|Any CPU.ActiveCfg = Debug|Any CPU
		{3136DAAD-6C81-4060-B91F-2EE84BE23C69}.Debug|Any CPU.Build.0 = Debug|Any CPU
		{3136DAAD-6C81-4060-B91F-2EE84BE23C69}.Release|Any CPU.ActiveCfg = Release|Any CPU
		{3136DAAD-6C81-4060-B91F-2EE84BE23C69}.Release|Any CPU.Build.0 = Release|Any CPU
	EndGlobalSection
	GlobalSection(SolutionProperties) = preSolution
		HideSolutionNode = FALSE
	EndGlobalSection
	GlobalSection(ExtensibilityGlobals) = postSolution
		SolutionGuid = {519DD0C9-F2E3-44B9-93DA-34ED7AD75058}
	EndGlobalSection
EndGlobal
