
Microsoft Visual Studio Solution File, Format Version 12.00
# Visual Studio Version 17
VisualStudioVersion = 17.8.34309.116
MinimumVisualStudioVersion = 10.0.40219.1
Project("{9A19103F-16F7-4668-BE54-9A1E7A4F7556}") = "WorkingWithEFCore", "WorkingWithEFCore\WorkingWithEFCore.csproj", "{F09683AE-4D1B-4B62-ACC8-6985EBFB68EF}"
EndProject
Project("{FAE04EC0-301F-11D3-BF4B-00C04F79EFBC}") = "CoursesAndStudents", "CoursesAndStudents\CoursesAndStudents.csproj", "{F8B3C0F9-830C-4AFB-9CAA-ED86A4199F78}"
EndProject
Global
	GlobalSection(SolutionConfigurationPlatforms) = preSolution
		Debug|Any CPU = Debug|Any CPU
		Release|Any CPU = Release|Any CPU
	EndGlobalSection
	GlobalSection(ProjectConfigurationPlatforms) = postSolution
		{F09683AE-4D1B-4B62-ACC8-6985EBFB68EF}.Debug|Any CPU.ActiveCfg = Debug|Any CPU
		{F09683AE-4D1B-4B62-ACC8-6985EBFB68EF}.Debug|Any CPU.Build.0 = Debug|Any CPU
		{F09683AE-4D1B-4B62-ACC8-6985EBFB68EF}.Release|Any CPU.ActiveCfg = Release|Any CPU
		{F09683AE-4D1B-4B62-ACC8-6985EBFB68EF}.Release|Any CPU.Build.0 = Release|Any CPU
		{F8B3C0F9-830C-4AFB-9CAA-ED86A4199F78}.Debug|Any CPU.ActiveCfg = Debug|Any CPU
		{F8B3C0F9-830C-4AFB-9CAA-ED86A4199F78}.Debug|Any CPU.Build.0 = Debug|Any CPU
		{F8B3C0F9-830C-4AFB-9CAA-ED86A4199F78}.Release|Any CPU.ActiveCfg = Release|Any CPU
		{F8B3C0F9-830C-4AFB-9CAA-ED86A4199F78}.Release|Any CPU.Build.0 = Release|Any CPU
	EndGlobalSection
	GlobalSection(SolutionProperties) = preSolution
		HideSolutionNode = FALSE
	EndGlobalSection
	GlobalSection(ExtensibilityGlobals) = postSolution
		SolutionGuid = {FA433474-EEE3-4D07-94FE-A0DB45C3A65D}
	EndGlobalSection
EndGlobal
