
Microsoft Visual Studio Solution File, Format Version 12.00
# Visual Studio Version 17
VisualStudioVersion = 17.7.34031.279
MinimumVisualStudioVersion = 10.0.40219.1
Project("{9A19103F-16F7-4668-BE54-9A1E7A4F7556}") = "AssembliesAndNamespaces", "AssembliesAndNamespaces\AssembliesAndNamespaces.csproj", "{619E53F2-D614-4C28-92A8-CC05B8AAD8F3}"
EndProject
Project("{9A19103F-16F7-4668-BE54-9A1E7A4F7556}") = "SharedLibrary", "SharedLibrary\SharedLibrary.csproj", "{5A457C44-1078-48A9-BC3C-F3F7DA928660}"
EndProject
Project("{9A19103F-16F7-4668-BE54-9A1E7A4F7556}") = "DotNetEverywhere", "DotNetEverywhere\DotNetEverywhere.csproj", "{0FF2112B-FA85-4C98-BBBB-3F8297FEC7D5}"
EndProject
Project("{FAE04EC0-301F-11D3-BF4B-00C04F79EFBC}") = "UsingPreviewFeatures", "UsingPreviewFeatures\UsingPreviewFeatures.csproj", "{6786112D-7E24-4610-9F21-48A697C78CA0}"
EndProject
Global
	GlobalSection(SolutionConfigurationPlatforms) = preSolution
		Debug|Any CPU = Debug|Any CPU
		Release|Any CPU = Release|Any CPU
	EndGlobalSection
	GlobalSection(ProjectConfigurationPlatforms) = postSolution
		{619E53F2-D614-4C28-92A8-CC05B8AAD8F3}.Debug|Any CPU.ActiveCfg = Debug|Any CPU
		{619E53F2-D614-4C28-92A8-CC05B8AAD8F3}.Debug|Any CPU.Build.0 = Debug|Any CPU
		{619E53F2-D614-4C28-92A8-CC05B8AAD8F3}.Release|Any CPU.ActiveCfg = Release|Any CPU
		{619E53F2-D614-4C28-92A8-CC05B8AAD8F3}.Release|Any CPU.Build.0 = Release|Any CPU
		{5A457C44-1078-48A9-BC3C-F3F7DA928660}.Debug|Any CPU.ActiveCfg = Debug|Any CPU
		{5A457C44-1078-48A9-BC3C-F3F7DA928660}.Debug|Any CPU.Build.0 = Debug|Any CPU
		{5A457C44-1078-48A9-BC3C-F3F7DA928660}.Release|Any CPU.ActiveCfg = Release|Any CPU
		{5A457C44-1078-48A9-BC3C-F3F7DA928660}.Release|Any CPU.Build.0 = Release|Any CPU
		{0FF2112B-FA85-4C98-BBBB-3F8297FEC7D5}.Debug|Any CPU.ActiveCfg = Debug|Any CPU
		{0FF2112B-FA85-4C98-BBBB-3F8297FEC7D5}.Debug|Any CPU.Build.0 = Debug|Any CPU
		{0FF2112B-FA85-4C98-BBBB-3F8297FEC7D5}.Release|Any CPU.ActiveCfg = Release|Any CPU
		{0FF2112B-FA85-4C98-BBBB-3F8297FEC7D5}.Release|Any CPU.Build.0 = Release|Any CPU
		{6786112D-7E24-4610-9F21-48A697C78CA0}.Debug|Any CPU.ActiveCfg = Debug|Any CPU
		{6786112D-7E24-4610-9F21-48A697C78CA0}.Debug|Any CPU.Build.0 = Debug|Any CPU
		{6786112D-7E24-4610-9F21-48A697C78CA0}.Release|Any CPU.ActiveCfg = Release|Any CPU
		{6786112D-7E24-4610-9F21-48A697C78CA0}.Release|Any CPU.Build.0 = Release|Any CPU
	EndGlobalSection
	GlobalSection(SolutionProperties) = preSolution
		HideSolutionNode = FALSE
	EndGlobalSection
	GlobalSection(ExtensibilityGlobals) = postSolution
		SolutionGuid = {68369D81-B62C-4324-8054-F5D7F466F616}
	EndGlobalSection
EndGlobal
