
Microsoft Visual Studio Solution File, Format Version 12.00
# Visual Studio Version 17
VisualStudioVersion = 17.0.31903.59
MinimumVisualStudioVersion = 10.0.40219.1
Project("{FAE04EC0-301F-11D3-BF4B-00C04F79EFBC}") = "MonitoringLib", "MonitoringLib\MonitoringLib.csproj", "{F2E03A2D-5369-4D32-9FA2-FB46A48E378C}"
EndProject
Project("{FAE04EC0-301F-11D3-BF4B-00C04F79EFBC}") = "MonitoringApp", "MonitoringApp\MonitoringApp.csproj", "{1B5B0482-A658-4755-B145-5E9909D1D11A}"
EndProject
Project("{FAE04EC0-301F-11D3-BF4B-00C04F79EFBC}") = "Benchmarking", "Benchmarking\Benchmarking.csproj", "{8B3770DB-6499-48EF-AFE8-9E71AE52A3F8}"
EndProject
Project("{FAE04EC0-301F-11D3-BF4B-00C04F79EFBC}") = "WorkingWithTasks", "WorkingWithTasks\WorkingWithTasks.csproj", "{8ADF1056-D28E-45E3-A5B4-B0DCF18341EA}"
EndProject
Project("{FAE04EC0-301F-11D3-BF4B-00C04F79EFBC}") = "NestedAndChildTasks", "NestedAndChildTasks\NestedAndChildTasks.csproj", "{917B4442-B583-4E78-9067-D1ED3EEE0F48}"
EndProject
Project("{FAE04EC0-301F-11D3-BF4B-00C04F79EFBC}") = "SynchronizingResourceAccess", "SynchronizingResourceAccess\SynchronizingResourceAccess.csproj", "{29E6F6A4-2A7A-4783-963B-2508448FC75A}"
EndProject
Project("{FAE04EC0-301F-11D3-BF4B-00C04F79EFBC}") = "AsyncConsole", "AsyncConsole\AsyncConsole.csproj", "{DFDC1313-FED5-4884-9FE2-1D253E81EB13}"
EndProject
Project("{FAE04EC0-301F-11D3-BF4B-00C04F79EFBC}") = "WpfResponsive", "WpfResponsive\WpfResponsive.csproj", "{88387F63-D6AD-4DE8-9C62-691026C08B80}"
EndProject
Global
	GlobalSection(SolutionConfigurationPlatforms) = preSolution
		Debug|Any CPU = Debug|Any CPU
		Release|Any CPU = Release|Any CPU
	EndGlobalSection
	GlobalSection(ProjectConfigurationPlatforms) = postSolution
		{F2E03A2D-5369-4D32-9FA2-FB46A48E378C}.Debug|Any CPU.ActiveCfg = Debug|Any CPU
		{F2E03A2D-5369-4D32-9FA2-FB46A48E378C}.Debug|Any CPU.Build.0 = Debug|Any CPU
		{F2E03A2D-5369-4D32-9FA2-FB46A48E378C}.Release|Any CPU.ActiveCfg = Release|Any CPU
		{F2E03A2D-5369-4D32-9FA2-FB46A48E378C}.Release|Any CPU.Build.0 = Release|Any CPU
		{1B5B0482-A658-4755-B145-5E9909D1D11A}.Debug|Any CPU.ActiveCfg = Debug|Any CPU
		{1B5B0482-A658-4755-B145-5E9909D1D11A}.Debug|Any CPU.Build.0 = Debug|Any CPU
		{1B5B0482-A658-4755-B145-5E9909D1D11A}.Release|Any CPU.ActiveCfg = Release|Any CPU
		{1B5B0482-A658-4755-B145-5E9909D1D11A}.Release|Any CPU.Build.0 = Release|Any CPU
		{8B3770DB-6499-48EF-AFE8-9E71AE52A3F8}.Debug|Any CPU.ActiveCfg = Debug|Any CPU
		{8B3770DB-6499-48EF-AFE8-9E71AE52A3F8}.Debug|Any CPU.Build.0 = Debug|Any CPU
		{8B3770DB-6499-48EF-AFE8-9E71AE52A3F8}.Release|Any CPU.ActiveCfg = Release|Any CPU
		{8B3770DB-6499-48EF-AFE8-9E71AE52A3F8}.Release|Any CPU.Build.0 = Release|Any CPU
		{8ADF1056-D28E-45E3-A5B4-B0DCF18341EA}.Debug|Any CPU.ActiveCfg = Debug|Any CPU
		{8ADF1056-D28E-45E3-A5B4-B0DCF18341EA}.Debug|Any CPU.Build.0 = Debug|Any CPU
		{8ADF1056-D28E-45E3-A5B4-B0DCF18341EA}.Release|Any CPU.ActiveCfg = Release|Any CPU
		{8ADF1056-D28E-45E3-A5B4-B0DCF18341EA}.Release|Any CPU.Build.0 = Release|Any CPU
		{917B4442-B583-4E78-9067-D1ED3EEE0F48}.Debug|Any CPU.ActiveCfg = Debug|Any CPU
		{917B4442-B583-4E78-9067-D1ED3EEE0F48}.Debug|Any CPU.Build.0 = Debug|Any CPU
		{917B4442-B583-4E78-9067-D1ED3EEE0F48}.Release|Any CPU.ActiveCfg = Release|Any CPU
		{917B4442-B583-4E78-9067-D1ED3EEE0F48}.Release|Any CPU.Build.0 = Release|Any CPU
		{29E6F6A4-2A7A-4783-963B-2508448FC75A}.Debug|Any CPU.ActiveCfg = Debug|Any CPU
		{29E6F6A4-2A7A-4783-963B-2508448FC75A}.Debug|Any CPU.Build.0 = Debug|Any CPU
		{29E6F6A4-2A7A-4783-963B-2508448FC75A}.Release|Any CPU.ActiveCfg = Release|Any CPU
		{29E6F6A4-2A7A-4783-963B-2508448FC75A}.Release|Any CPU.Build.0 = Release|Any CPU
		{DFDC1313-FED5-4884-9FE2-1D253E81EB13}.Debug|Any CPU.ActiveCfg = Debug|Any CPU
		{DFDC1313-FED5-4884-9FE2-1D253E81EB13}.Debug|Any CPU.Build.0 = Debug|Any CPU
		{DFDC1313-FED5-4884-9FE2-1D253E81EB13}.Release|Any CPU.ActiveCfg = Release|Any CPU
		{DFDC1313-FED5-4884-9FE2-1D253E81EB13}.Release|Any CPU.Build.0 = Release|Any CPU
		{88387F63-D6AD-4DE8-9C62-691026C08B80}.Debug|Any CPU.ActiveCfg = Debug|Any CPU
		{88387F63-D6AD-4DE8-9C62-691026C08B80}.Debug|Any CPU.Build.0 = Debug|Any CPU
		{88387F63-D6AD-4DE8-9C62-691026C08B80}.Release|Any CPU.ActiveCfg = Release|Any CPU
		{88387F63-D6AD-4DE8-9C62-691026C08B80}.Release|Any CPU.Build.0 = Release|Any CPU
	EndGlobalSection
	GlobalSection(SolutionProperties) = preSolution
		HideSolutionNode = FALSE
	EndGlobalSection
EndGlobal
