
Microsoft Visual Studio Solution File, Format Version 12.00
# Visual Studio Version 17
VisualStudioVersion = 17.7.34031.279
MinimumVisualStudioVersion = 10.0.40219.1
Project("{FAE04EC0-301F-11D3-BF4B-00C04F79EFBC}") = "PacktLibrary", "PacktLibrary\PacktLibrary.csproj", "{93B88B7B-E81D-4228-908C-F0BC0DC45756}"
EndProject
Project("{FAE04EC0-301F-11D3-BF4B-00C04F79EFBC}") = "PeopleApp", "PeopleApp\PeopleApp.csproj", "{E1D68869-2E09-45DB-861E-218691D51893}"
EndProject
Global
	GlobalSection(SolutionConfigurationPlatforms) = preSolution
		Debug|Any CPU = Debug|Any CPU
		Release|Any CPU = Release|Any CPU
	EndGlobalSection
	GlobalSection(ProjectConfigurationPlatforms) = postSolution
		{93B88B7B-E81D-4228-908C-F0BC0DC45756}.Debug|Any CPU.ActiveCfg = Debug|Any CPU
		{93B88B7B-E81D-4228-908C-F0BC0DC45756}.Debug|Any CPU.Build.0 = Debug|Any CPU
		{93B88B7B-E81D-4228-908C-F0BC0DC45756}.Release|Any CPU.ActiveCfg = Release|Any CPU
		{93B88B7B-E81D-4228-908C-F0BC0DC45756}.Release|Any CPU.Build.0 = Release|Any CPU
		{E1D68869-2E09-45DB-861E-218691D51893}.Debug|Any CPU.ActiveCfg = Debug|Any CPU
		{E1D68869-2E09-45DB-861E-218691D51893}.Debug|Any CPU.Build.0 = Debug|Any CPU
		{E1D68869-2E09-45DB-861E-218691D51893}.Release|Any CPU.ActiveCfg = Release|Any CPU
		{E1D68869-2E09-45DB-861E-218691D51893}.Release|Any CPU.Build.0 = Release|Any CPU
	EndGlobalSection
	GlobalSection(SolutionProperties) = preSolution
		HideSolutionNode = FALSE
	EndGlobalSection
	GlobalSection(ExtensibilityGlobals) = postSolution
		SolutionGuid = {B67D1874-9A68-4BE7-84D0-1CF1DAC2913F}
	EndGlobalSection
EndGlobal
