
Microsoft Visual Studio Solution File, Format Version 12.00
# Visual Studio Version 17
VisualStudioVersion = 17.7.34031.279
MinimumVisualStudioVersion = 10.0.40219.1
Project("{FAE04EC0-301F-11D3-BF4B-00C04F79EFBC}") = "WorkingWithFileSystems", "WorkingWithFileSystems\WorkingWithFileSystems.csproj", "{3DEE0EB9-3113-4E3D-A311-877649EB1E5A}"
EndProject
Project("{FAE04EC0-301F-11D3-BF4B-00C04F79EFBC}") = "WorkingWithStreams", "WorkingWithStreams\WorkingWithStreams.csproj", "{E89D72C0-B733-4F48-8FDB-F8436277AAF8}"
EndProject
Project("{FAE04EC0-301F-11D3-BF4B-00C04F79EFBC}") = "WorkingWithEncodings", "WorkingWithEncodings\WorkingWithEncodings.csproj", "{B9F04187-5971-48EE-A5EA-74C69901118B}"
EndProject
Project("{FAE04EC0-301F-11D3-BF4B-00C04F79EFBC}") = "WorkingWithSerialization", "WorkingWithSerialization\WorkingWithSerialization.csproj", "{1807F43B-FC6D-4ACB-9C20-7186607D3A06}"
EndProject
Project("{FAE04EC0-301F-11D3-BF4B-00C04F79EFBC}") = "WorkingWithJson", "WorkingWithJson\WorkingWithJson.csproj", "{9B8E9C64-9678-462B-9BF6-E8341D7E02D3}"
EndProject
Global
	GlobalSection(SolutionConfigurationPlatforms) = preSolution
		Debug|Any CPU = Debug|Any CPU
		Release|Any CPU = Release|Any CPU
	EndGlobalSection
	GlobalSection(ProjectConfigurationPlatforms) = postSolution
		{3DEE0EB9-3113-4E3D-A311-877649EB1E5A}.Debug|Any CPU.ActiveCfg = Debug|Any CPU
		{3DEE0EB9-3113-4E3D-A311-877649EB1E5A}.Debug|Any CPU.Build.0 = Debug|Any CPU
		{3DEE0EB9-3113-4E3D-A311-877649EB1E5A}.Release|Any CPU.ActiveCfg = Release|Any CPU
		{3DEE0EB9-3113-4E3D-A311-877649EB1E5A}.Release|Any CPU.Build.0 = Release|Any CPU
		{E89D72C0-B733-4F48-8FDB-F8436277AAF8}.Debug|Any CPU.ActiveCfg = Debug|Any CPU
		{E89D72C0-B733-4F48-8FDB-F8436277AAF8}.Debug|Any CPU.Build.0 = Debug|Any CPU
		{E89D72C0-B733-4F48-8FDB-F8436277AAF8}.Release|Any CPU.ActiveCfg = Release|Any CPU
		{E89D72C0-B733-4F48-8FDB-F8436277AAF8}.Release|Any CPU.Build.0 = Release|Any CPU
		{B9F04187-5971-48EE-A5EA-74C69901118B}.Debug|Any CPU.ActiveCfg = Debug|Any CPU
		{B9F04187-5971-48EE-A5EA-74C69901118B}.Debug|Any CPU.Build.0 = Debug|Any CPU
		{B9F04187-5971-48EE-A5EA-74C69901118B}.Release|Any CPU.ActiveCfg = Release|Any CPU
		{B9F04187-5971-48EE-A5EA-74C69901118B}.Release|Any CPU.Build.0 = Release|Any CPU
		{1807F43B-FC6D-4ACB-9C20-7186607D3A06}.Debug|Any CPU.ActiveCfg = Debug|Any CPU
		{1807F43B-FC6D-4ACB-9C20-7186607D3A06}.Debug|Any CPU.Build.0 = Debug|Any CPU
		{1807F43B-FC6D-4ACB-9C20-7186607D3A06}.Release|Any CPU.ActiveCfg = Release|Any CPU
		{1807F43B-FC6D-4ACB-9C20-7186607D3A06}.Release|Any CPU.Build.0 = Release|Any CPU
		{9B8E9C64-9678-462B-9BF6-E8341D7E02D3}.Debug|Any CPU.ActiveCfg = Debug|Any CPU
		{9B8E9C64-9678-462B-9BF6-E8341D7E02D3}.Debug|Any CPU.Build.0 = Debug|Any CPU
		{9B8E9C64-9678-462B-9BF6-E8341D7E02D3}.Release|Any CPU.ActiveCfg = Release|Any CPU
		{9B8E9C64-9678-462B-9BF6-E8341D7E02D3}.Release|Any CPU.Build.0 = Release|Any CPU
	EndGlobalSection
	GlobalSection(SolutionProperties) = preSolution
		HideSolutionNode = FALSE
	EndGlobalSection
	GlobalSection(ExtensibilityGlobals) = postSolution
		SolutionGuid = {D31A2BC1-9B24-4726-A4C5-964D3DC021C2}
	EndGlobalSection
EndGlobal
